
Microsoft Visual Studio Solution File, Format Version 12.00
# Visual Studio Version 16
VisualStudioVersion = 16.0.29123.88
MinimumVisualStudioVersion = 10.0.40219.1
Project("{FAE04EC0-301F-11D3-BF4B-00C04F79EFBC}") = "CalculateArea", "CalculateArea\CalculateArea.csproj", "{6764DB75-045A-462A-896D-E7150A08DE85}"
EndProject
Project("{FAE04EC0-301F-11D3-BF4B-00C04F79EFBC}") = "GravityCalculator", "GravityCalculator\GravityCalculator.csproj", "{21B4C2ED-21D7-4F86-9A72-FCAD10DE578E}"
EndProject
Project("{FAE04EC0-301F-11D3-BF4B-00C04F79EFBC}") = "Uzdevums1", "Uzdevums1\Uzdevums1.csproj", "{6E3DA31B-84AC-4AA4-B99F-2A959BE7EDCD}"
EndProject
Project("{FAE04EC0-301F-11D3-BF4B-00C04F79EFBC}") = "EvenAdd", "EvenAdd\EvenAdd.csproj", "{F399A5B1-E394-4080-80F0-61D42748F59C}"
EndProject
Project("{FAE04EC0-301F-11D3-BF4B-00C04F79EFBC}") = "SumAvarage", "SumAvarage\SumAvarage.csproj", "{8B3F955E-F30F-442F-A64D-DADDFF791912}"
EndProject
Project("{FAE04EC0-301F-11D3-BF4B-00C04F79EFBC}") = "Pruduct1on", "Pruduct1on\Pruduct1on.csproj", "{A90C4A7B-E8A3-4A2E-8AE0-F9B84FA4F3BB}"
EndProject
Project("{FAE04EC0-301F-11D3-BF4B-00C04F79EFBC}") = "GuessNumber", "GuessNumber\GuessNumber.csproj", "{6FFF9DC8-21CC-4B47-BB6F-DB59CDB33855}"
EndProject
Project("{FAE04EC0-301F-11D3-BF4B-00C04F79EFBC}") = "CozaWoza", "CozaWoza\CozaWoza.csproj", "{4482B119-6762-4F73-8A80-C8F5A05BAE8F}"
EndProject
Project("{FAE04EC0-301F-11D3-BF4B-00C04F79EFBC}") = "Empoyees", "Empoyees\Empoyees.csproj", "{ECC7D637-1510-4038-9EC8-F36E47139933}"
EndProject
Project("{FAE04EC0-301F-11D3-BF4B-00C04F79EFBC}") = "BMI", "BMI\BMI.csproj", "{24A54C11-65AC-4E52-8348-1BBE00BFABFA}"
EndProject
Global
	GlobalSection(SolutionConfigurationPlatforms) = preSolution
		Debug|Any CPU = Debug|Any CPU
		Release|Any CPU = Release|Any CPU
	EndGlobalSection
	GlobalSection(ProjectConfigurationPlatforms) = postSolution
		{6764DB75-045A-462A-896D-E7150A08DE85}.Debug|Any CPU.ActiveCfg = Debug|Any CPU
		{6764DB75-045A-462A-896D-E7150A08DE85}.Debug|Any CPU.Build.0 = Debug|Any CPU
		{6764DB75-045A-462A-896D-E7150A08DE85}.Release|Any CPU.ActiveCfg = Release|Any CPU
		{6764DB75-045A-462A-896D-E7150A08DE85}.Release|Any CPU.Build.0 = Release|Any CPU
		{21B4C2ED-21D7-4F86-9A72-FCAD10DE578E}.Debug|Any CPU.ActiveCfg = Debug|Any CPU
		{21B4C2ED-21D7-4F86-9A72-FCAD10DE578E}.Debug|Any CPU.Build.0 = Debug|Any CPU
		{21B4C2ED-21D7-4F86-9A72-FCAD10DE578E}.Release|Any CPU.ActiveCfg = Release|Any CPU
		{21B4C2ED-21D7-4F86-9A72-FCAD10DE578E}.Release|Any CPU.Build.0 = Release|Any CPU
		{6E3DA31B-84AC-4AA4-B99F-2A959BE7EDCD}.Debug|Any CPU.ActiveCfg = Debug|Any CPU
		{6E3DA31B-84AC-4AA4-B99F-2A959BE7EDCD}.Debug|Any CPU.Build.0 = Debug|Any CPU
		{6E3DA31B-84AC-4AA4-B99F-2A959BE7EDCD}.Release|Any CPU.ActiveCfg = Release|Any CPU
		{6E3DA31B-84AC-4AA4-B99F-2A959BE7EDCD}.Release|Any CPU.Build.0 = Release|Any CPU
		{F399A5B1-E394-4080-80F0-61D42748F59C}.Debug|Any CPU.ActiveCfg = Debug|Any CPU
		{F399A5B1-E394-4080-80F0-61D42748F59C}.Debug|Any CPU.Build.0 = Debug|Any CPU
		{F399A5B1-E394-4080-80F0-61D42748F59C}.Release|Any CPU.ActiveCfg = Release|Any CPU
		{F399A5B1-E394-4080-80F0-61D42748F59C}.Release|Any CPU.Build.0 = Release|Any CPU
		{8B3F955E-F30F-442F-A64D-DADDFF791912}.Debug|Any CPU.ActiveCfg = Debug|Any CPU
		{8B3F955E-F30F-442F-A64D-DADDFF791912}.Debug|Any CPU.Build.0 = Debug|Any CPU
		{8B3F955E-F30F-442F-A64D-DADDFF791912}.Release|Any CPU.ActiveCfg = Release|Any CPU
		{8B3F955E-F30F-442F-A64D-DADDFF791912}.Release|Any CPU.Build.0 = Release|Any CPU
		{A90C4A7B-E8A3-4A2E-8AE0-F9B84FA4F3BB}.Debug|Any CPU.ActiveCfg = Debug|Any CPU
		{A90C4A7B-E8A3-4A2E-8AE0-F9B84FA4F3BB}.Debug|Any CPU.Build.0 = Debug|Any CPU
		{A90C4A7B-E8A3-4A2E-8AE0-F9B84FA4F3BB}.Release|Any CPU.ActiveCfg = Release|Any CPU
		{A90C4A7B-E8A3-4A2E-8AE0-F9B84FA4F3BB}.Release|Any CPU.Build.0 = Release|Any CPU
		{6FFF9DC8-21CC-4B47-BB6F-DB59CDB33855}.Debug|Any CPU.ActiveCfg = Debug|Any CPU
		{6FFF9DC8-21CC-4B47-BB6F-DB59CDB33855}.Debug|Any CPU.Build.0 = Debug|Any CPU
		{6FFF9DC8-21CC-4B47-BB6F-DB59CDB33855}.Release|Any CPU.ActiveCfg = Release|Any CPU
		{6FFF9DC8-21CC-4B47-BB6F-DB59CDB33855}.Release|Any CPU.Build.0 = Release|Any CPU
		{4482B119-6762-4F73-8A80-C8F5A05BAE8F}.Debug|Any CPU.ActiveCfg = Debug|Any CPU
		{4482B119-6762-4F73-8A80-C8F5A05BAE8F}.Debug|Any CPU.Build.0 = Debug|Any CPU
		{4482B119-6762-4F73-8A80-C8F5A05BAE8F}.Release|Any CPU.ActiveCfg = Release|Any CPU
		{4482B119-6762-4F73-8A80-C8F5A05BAE8F}.Release|Any CPU.Build.0 = Release|Any CPU
		{ECC7D637-1510-4038-9EC8-F36E47139933}.Debug|Any CPU.ActiveCfg = Debug|Any CPU
		{ECC7D637-1510-4038-9EC8-F36E47139933}.Debug|Any CPU.Build.0 = Debug|Any CPU
		{ECC7D637-1510-4038-9EC8-F36E47139933}.Release|Any CPU.ActiveCfg = Release|Any CPU
		{ECC7D637-1510-4038-9EC8-F36E47139933}.Release|Any CPU.Build.0 = Release|Any CPU
		{24A54C11-65AC-4E52-8348-1BBE00BFABFA}.Debug|Any CPU.ActiveCfg = Debug|Any CPU
		{24A54C11-65AC-4E52-8348-1BBE00BFABFA}.Debug|Any CPU.Build.0 = Debug|Any CPU
		{24A54C11-65AC-4E52-8348-1BBE00BFABFA}.Release|Any CPU.ActiveCfg = Release|Any CPU
		{24A54C11-65AC-4E52-8348-1BBE00BFABFA}.Release|Any CPU.Build.0 = Release|Any CPU
	EndGlobalSection
	GlobalSection(SolutionProperties) = preSolution
		HideSolutionNode = FALSE
	EndGlobalSection
	GlobalSection(ExtensibilityGlobals) = postSolution
		SolutionGuid = {22A75822-3C36-4529-B369-1F5A7653AD59}
	EndGlobalSection
EndGlobal
